
Microsoft Visual Studio Solution File, Format Version 12.00
# Visual Studio Version 16
VisualStudioVersion = 16.0.29215.179
MinimumVisualStudioVersion = 10.0.40219.1
Project("{FAE04EC0-301F-11D3-BF4B-00C04F79EFBC}") = "ProjekPKLFix3", "ProjekPKLFix3\ProjekPKLFix3.csproj", "{A986E32C-94BF-40BC-91B4-5CEAA915A4E0}"
EndProject
Global
	GlobalSection(SolutionConfigurationPlatforms) = preSolution
		Debug|Any CPU = Debug|Any CPU
		Release|Any CPU = Release|Any CPU
	EndGlobalSection
	GlobalSection(ProjectConfigurationPlatforms) = postSolution
		{A986E32C-94BF-40BC-91B4-5CEAA915A4E0}.Debug|Any CPU.ActiveCfg = Debug|Any CPU
		{A986E32C-94BF-40BC-91B4-5CEAA915A4E0}.Debug|Any CPU.Build.0 = Debug|Any CPU
		{A986E32C-94BF-40BC-91B4-5CEAA915A4E0}.Release|Any CPU.ActiveCfg = Release|Any CPU
		{A986E32C-94BF-40BC-91B4-5CEAA915A4E0}.Release|Any CPU.Build.0 = Release|Any CPU
	EndGlobalSection
	GlobalSection(SolutionProperties) = preSolution
		HideSolutionNode = FALSE
	EndGlobalSection
	GlobalSection(ExtensibilityGlobals) = postSolution
		SolutionGuid = {8E1B8FBD-AB46-4D89-ADC4-C8EBD41D82EE}
	EndGlobalSection
EndGlobal
